
Microsoft Visual Studio Solution File, Format Version 12.00
# Visual Studio 2012
Project("{8BC9CEB8-8B4A-11D0-8D11-00A0C91BC942}") = "Lab 12 ( HashTable of string n rand nums)", "Lab 12 ( HashTable of string n rand nums)\Lab 12 ( HashTable of string n rand nums).vcxproj", "{FBFE9AE0-153A-4174-99B3-0D41D3F382B1}"
EndProject
Global
	GlobalSection(SolutionConfigurationPlatforms) = preSolution
		Debug|Win32 = Debug|Win32
		Release|Win32 = Release|Win32
	EndGlobalSection
	GlobalSection(ProjectConfigurationPlatforms) = postSolution
		{FBFE9AE0-153A-4174-99B3-0D41D3F382B1}.Debug|Win32.ActiveCfg = Debug|Win32
		{FBFE9AE0-153A-4174-99B3-0D41D3F382B1}.Debug|Win32.Build.0 = Debug|Win32
		{FBFE9AE0-153A-4174-99B3-0D41D3F382B1}.Release|Win32.ActiveCfg = Release|Win32
		{FBFE9AE0-153A-4174-99B3-0D41D3F382B1}.Release|Win32.Build.0 = Release|Win32
	EndGlobalSection
	GlobalSection(SolutionProperties) = preSolution
		HideSolutionNode = FALSE
	EndGlobalSection
EndGlobal
