
Microsoft Visual Studio Solution File, Format Version 12.00
# Visual Studio 2012
Project("{8BC9CEB8-8B4A-11D0-8D11-00A0C91BC942}") = "Lecture 7 Max Heap", "Lecture 7 Max Heap\Lecture 7 Max Heap.vcxproj", "{62854012-AED3-4F85-98E6-E203D5C1CBDC}"
EndProject
Global
	GlobalSection(SolutionConfigurationPlatforms) = preSolution
		Debug|Win32 = Debug|Win32
		Release|Win32 = Release|Win32
	EndGlobalSection
	GlobalSection(ProjectConfigurationPlatforms) = postSolution
		{62854012-AED3-4F85-98E6-E203D5C1CBDC}.Debug|Win32.ActiveCfg = Debug|Win32
		{62854012-AED3-4F85-98E6-E203D5C1CBDC}.Debug|Win32.Build.0 = Debug|Win32
		{62854012-AED3-4F85-98E6-E203D5C1CBDC}.Release|Win32.ActiveCfg = Release|Win32
		{62854012-AED3-4F85-98E6-E203D5C1CBDC}.Release|Win32.Build.0 = Release|Win32
	EndGlobalSection
	GlobalSection(SolutionProperties) = preSolution
		HideSolutionNode = FALSE
	EndGlobalSection
EndGlobal
